
Microsoft Visual Studio Solution File, Format Version 12.00
# Visual Studio 15
VisualStudioVersion = 15.0.27004.2005
MinimumVisualStudioVersion = 10.0.40219.1
Project("{FAE04EC0-301F-11D3-BF4B-00C04F79EFBC}") = "Zenfox_Software", "Zenfox_Software\Zenfox_Software.csproj", "{7A92FBE1-FA2F-412E-AE01-55F12A0A4AEC}"
EndProject
Project("{FAE04EC0-301F-11D3-BF4B-00C04F79EFBC}") = "Zenfox_Software_OO", "Zenfox_Software_OO\Zenfox_Software_OO.csproj", "{96EE9EA8-3049-4ED5-A1E2-3F8F88385455}"
EndProject
Project("{54435603-DBB4-11D2-8724-00A0C9A8B90C}") = "Razor_Instalador", "Razor_Instalador\Razor_Instalador.vdproj", "{A85196BA-5A9A-4C84-9BC4-9AF700F3CDFB}"
EndProject
Project("{FAE04EC0-301F-11D3-BF4B-00C04F79EFBC}") = "Razor_Varejo_Service", "Razor_Varejo_Service\Razor_Varejo_Service.csproj", "{6B40E0FF-6014-49DA-B96D-A9B9C8702FBA}"
EndProject
Project("{FAE04EC0-301F-11D3-BF4B-00C04F79EFBC}") = "Razor_Varejo_Service_Dev", "Razor_Varejo_Service_Dev\Razor_Varejo_Service_Dev.csproj", "{250D0BC0-9EC9-472F-90B3-17B3740F3F60}"
EndProject
Project("{FAE04EC0-301F-11D3-BF4B-00C04F79EFBC}") = "Updater", "Updater\Updater.csproj", "{0D2702D8-57B2-4540-8082-2674C254B082}"
EndProject
Project("{54435603-DBB4-11D2-8724-00A0C9A8B90C}") = "Razor_Instalador_Updater", "Razor_Instalador_Updater\Razor_Instalador_Updater.vdproj", "{303B8BC6-0DA3-4194-ABF1-C8AEADB82616}"
EndProject
Project("{FAE04EC0-301F-11D3-BF4B-00C04F79EFBC}") = "Razor_Tests", "Razor_Tests\Razor_Tests.csproj", "{862ABE13-415C-4A0B-89A0-48C7D7E52E60}"
EndProject
Global
	GlobalSection(SolutionConfigurationPlatforms) = preSolution
		Debug|Any CPU = Debug|Any CPU
		Release|Any CPU = Release|Any CPU
	EndGlobalSection
	GlobalSection(ProjectConfigurationPlatforms) = postSolution
		{7A92FBE1-FA2F-412E-AE01-55F12A0A4AEC}.Debug|Any CPU.ActiveCfg = Debug|Any CPU
		{7A92FBE1-FA2F-412E-AE01-55F12A0A4AEC}.Debug|Any CPU.Build.0 = Debug|Any CPU
		{7A92FBE1-FA2F-412E-AE01-55F12A0A4AEC}.Release|Any CPU.ActiveCfg = Release|Any CPU
		{7A92FBE1-FA2F-412E-AE01-55F12A0A4AEC}.Release|Any CPU.Build.0 = Release|Any CPU
		{96EE9EA8-3049-4ED5-A1E2-3F8F88385455}.Debug|Any CPU.ActiveCfg = Debug|Any CPU
		{96EE9EA8-3049-4ED5-A1E2-3F8F88385455}.Debug|Any CPU.Build.0 = Debug|Any CPU
		{96EE9EA8-3049-4ED5-A1E2-3F8F88385455}.Release|Any CPU.ActiveCfg = Release|Any CPU
		{96EE9EA8-3049-4ED5-A1E2-3F8F88385455}.Release|Any CPU.Build.0 = Release|Any CPU
		{A85196BA-5A9A-4C84-9BC4-9AF700F3CDFB}.Debug|Any CPU.ActiveCfg = Debug
		{A85196BA-5A9A-4C84-9BC4-9AF700F3CDFB}.Release|Any CPU.ActiveCfg = Release
		{6B40E0FF-6014-49DA-B96D-A9B9C8702FBA}.Debug|Any CPU.ActiveCfg = Debug|Any CPU
		{6B40E0FF-6014-49DA-B96D-A9B9C8702FBA}.Debug|Any CPU.Build.0 = Debug|Any CPU
		{6B40E0FF-6014-49DA-B96D-A9B9C8702FBA}.Release|Any CPU.ActiveCfg = Release|Any CPU
		{6B40E0FF-6014-49DA-B96D-A9B9C8702FBA}.Release|Any CPU.Build.0 = Release|Any CPU
		{250D0BC0-9EC9-472F-90B3-17B3740F3F60}.Debug|Any CPU.ActiveCfg = Debug|Any CPU
		{250D0BC0-9EC9-472F-90B3-17B3740F3F60}.Debug|Any CPU.Build.0 = Debug|Any CPU
		{250D0BC0-9EC9-472F-90B3-17B3740F3F60}.Release|Any CPU.ActiveCfg = Release|Any CPU
		{250D0BC0-9EC9-472F-90B3-17B3740F3F60}.Release|Any CPU.Build.0 = Release|Any CPU
		{0D2702D8-57B2-4540-8082-2674C254B082}.Debug|Any CPU.ActiveCfg = Debug|Any CPU
		{0D2702D8-57B2-4540-8082-2674C254B082}.Debug|Any CPU.Build.0 = Debug|Any CPU
		{0D2702D8-57B2-4540-8082-2674C254B082}.Release|Any CPU.ActiveCfg = Release|Any CPU
		{0D2702D8-57B2-4540-8082-2674C254B082}.Release|Any CPU.Build.0 = Release|Any CPU
		{303B8BC6-0DA3-4194-ABF1-C8AEADB82616}.Debug|Any CPU.ActiveCfg = Debug
		{303B8BC6-0DA3-4194-ABF1-C8AEADB82616}.Release|Any CPU.ActiveCfg = Release
		{862ABE13-415C-4A0B-89A0-48C7D7E52E60}.Debug|Any CPU.ActiveCfg = Debug|Any CPU
		{862ABE13-415C-4A0B-89A0-48C7D7E52E60}.Debug|Any CPU.Build.0 = Debug|Any CPU
		{862ABE13-415C-4A0B-89A0-48C7D7E52E60}.Release|Any CPU.ActiveCfg = Release|Any CPU
		{862ABE13-415C-4A0B-89A0-48C7D7E52E60}.Release|Any CPU.Build.0 = Release|Any CPU
	EndGlobalSection
	GlobalSection(SolutionProperties) = preSolution
		HideSolutionNode = FALSE
	EndGlobalSection
	GlobalSection(ExtensibilityGlobals) = postSolution
		SolutionGuid = {52CC49B5-4718-473D-99AE-D4DFD0389B57}
	EndGlobalSection
EndGlobal
